dependencies:
- name: nginx-uwsgi
  repository: https://raw.githubusercontent.com/APSL/kubernetes-charts/master/packages
  version: 0.4.2
- name: uwsgi
  repository: https://raw.githubusercontent.com/APSL/kubernetes-charts/master/packages
  version: 0.4.1
- name: uwsgi
  repository: https://raw.githubusercontent.com/APSL/kubernetes-charts/master/packages
  version: 0.4.1
- name: django-celery
  repository: https://raw.githubusercontent.com/APSL/kubernetes-charts/master/packages
  version: 0.1.1
- name: django-celery
  repository: https://raw.githubusercontent.com/APSL/kubernetes-charts/master/packages
  version: 0.1.1
- name: varnish
  repository: https://raw.githubusercontent.com/APSL/kubernetes-charts/master/packages
  version: 0.1.0
- name: redis
  repository: https://kubernetes-charts.storage.googleapis.com
  version: 0.8.0
- name: uwsgi
  repository: https://raw.githubusercontent.com/APSL/kubernetes-charts/master/packages
  version: 0.4.1
digest: sha256:d57f53a38661766b2303d6b68279107a597ec2138f193510c7b18836eda73045
generated: 2019-11-22T14:20:59.253472823+01:00
