dependencies:
- name: uwsgi
  repository: https://raw.githubusercontent.com/APSL/kubernetes-charts/master/packages
  version: 0.4.4
- name: uwsgi
  repository: https://raw.githubusercontent.com/APSL/kubernetes-charts/master/packages
  version: 0.4.4
- name: uwsgi
  repository: https://raw.githubusercontent.com/APSL/kubernetes-charts/master/packages
  version: 0.4.4
- name: django-celery
  repository: https://raw.githubusercontent.com/APSL/kubernetes-charts/master/packages
  version: 0.1.2
- name: varnish
  repository: https://raw.githubusercontent.com/APSL/kubernetes-charts/master/packages
  version: 0.1.0
- name: redis
  repository: https://charts.helm.sh/stable
  version: 0.8.0
- name: uwsgi
  repository: https://raw.githubusercontent.com/APSL/kubernetes-charts/master/packages
  version: 0.4.4
digest: sha256:4e885c8454f6b72479aa7b4f6659a7da2b11a7e449029f8d13a566bb1a26ed2f
generated: "2021-01-11T16:07:41.563468624+01:00"
