dependencies:
- name: uwsgi
  repository: https://raw.githubusercontent.com/APSL/kubernetes-charts/master/packages
  version: 0.4.2
- name: uwsgi
  repository: https://raw.githubusercontent.com/APSL/kubernetes-charts/master/packages
  version: 0.4.2
- name: uwsgi
  repository: https://raw.githubusercontent.com/APSL/kubernetes-charts/master/packages
  version: 0.4.2
- name: django-celery
  repository: https://raw.githubusercontent.com/APSL/kubernetes-charts/master/packages
  version: 0.1.0
- name: varnish
  repository: https://raw.githubusercontent.com/APSL/kubernetes-charts/master/packages
  version: 0.1.0
- name: redis
  repository: https://kubernetes-charts.storage.googleapis.com
  version: 0.8.0
- name: uwsgi
  repository: https://raw.githubusercontent.com/APSL/kubernetes-charts/master/packages
  version: 0.4.2
digest: sha256:c72f7bfe7d6b02070bd10cfaf82a72693e763f25f5c374fd53af4ef698f7850d
generated: 2019-12-09T15:55:43.194203865+01:00
